
Microsoft Visual Studio Solution File, Format Version 12.00
# Visual Studio Version 17
VisualStudioVersion = 17.5.002.0
MinimumVisualStudioVersion = 10.0.40219.1
Project("{9A19103F-16F7-4668-BE54-9A1E7A4F7556}") = "Lab2", "Lab2.csproj", "{76205E91-DD34-4159-96CA-9536BCD2D0C0}"
EndProject
Global
	GlobalSection(SolutionConfigurationPlatforms) = preSolution
		Debug|Any CPU = Debug|Any CPU
		Release|Any CPU = Release|Any CPU
	EndGlobalSection
	GlobalSection(ProjectConfigurationPlatforms) = postSolution
		{76205E91-DD34-4159-96CA-9536BCD2D0C0}.Debug|Any CPU.ActiveCfg = Debug|Any CPU
		{76205E91-DD34-4159-96CA-9536BCD2D0C0}.Debug|Any CPU.Build.0 = Debug|Any CPU
		{76205E91-DD34-4159-96CA-9536BCD2D0C0}.Release|Any CPU.ActiveCfg = Release|Any CPU
		{76205E91-DD34-4159-96CA-9536BCD2D0C0}.Release|Any CPU.Build.0 = Release|Any CPU
	EndGlobalSection
	GlobalSection(SolutionProperties) = preSolution
		HideSolutionNode = FALSE
	EndGlobalSection
	GlobalSection(ExtensibilityGlobals) = postSolution
		SolutionGuid = {CE669028-46A9-4DBB-88CC-5F3C44186FFA}
	EndGlobalSection
EndGlobal
